
Microsoft Visual Studio Solution File, Format Version 12.00
# Visual Studio Version 17
VisualStudioVersion = 17.5.002.0
MinimumVisualStudioVersion = 10.0.40219.1
Project("{9A19103F-16F7-4668-BE54-9A1E7A4F7556}") = "SrsApi", "SrsApi.csproj", "{C1D3B3FB-6E2A-41CD-83D1-A9DC747962BF}"
EndProject
Global
	GlobalSection(SolutionConfigurationPlatforms) = preSolution
		Debug|Any CPU = Debug|Any CPU
		Release|Any CPU = Release|Any CPU
	EndGlobalSection
	GlobalSection(ProjectConfigurationPlatforms) = postSolution
		{C1D3B3FB-6E2A-41CD-83D1-A9DC747962BF}.Debug|Any CPU.ActiveCfg = Debug|Any CPU
		{C1D3B3FB-6E2A-41CD-83D1-A9DC747962BF}.Debug|Any CPU.Build.0 = Debug|Any CPU
		{C1D3B3FB-6E2A-41CD-83D1-A9DC747962BF}.Release|Any CPU.ActiveCfg = Release|Any CPU
		{C1D3B3FB-6E2A-41CD-83D1-A9DC747962BF}.Release|Any CPU.Build.0 = Release|Any CPU
	EndGlobalSection
	GlobalSection(SolutionProperties) = preSolution
		HideSolutionNode = FALSE
	EndGlobalSection
	GlobalSection(ExtensibilityGlobals) = postSolution
		SolutionGuid = {AA93F554-3929-40E4-B2A3-52611E39ABE5}
	EndGlobalSection
EndGlobal
